
Microsoft Visual Studio Solution File, Format Version 12.00
# Visual Studio 2013
VisualStudioVersion = 12.0.30501.0
MinimumVisualStudioVersion = 10.0.40219.1
Project("{FAE04EC0-301F-11D3-BF4B-00C04F79EFBC}") = "AndyWeb", "AndyWeb\AndyWeb.csproj", "{18599CF8-400D-4B76-8111-6B108A0C996B}"
EndProject
Project("{FAE04EC0-301F-11D3-BF4B-00C04F79EFBC}") = "AndyWeb.DataLoader", "AndyWeb.DataLoader\AndyWeb.DataLoader.csproj", "{642E7047-217D-4052-BF01-665D08D49337}"
EndProject
Project("{FAE04EC0-301F-11D3-BF4B-00C04F79EFBC}") = "AndyWeb.Library", "AndyWeb.Library\AndyWeb.Library.csproj", "{1909CCF6-E2DF-4E0D-8299-8FB37B9FC1E5}"
EndProject
Project("{FAE04EC0-301F-11D3-BF4B-00C04F79EFBC}") = "AndyWeb.WebAPI", "AndyWeb.WebAPI\AndyWeb.WebAPI.csproj", "{30F6C07D-165D-4687-8300-B2F9E5F23FB0}"
EndProject
Global
	GlobalSection(SolutionConfigurationPlatforms) = preSolution
		Debug|Any CPU = Debug|Any CPU
		Release|Any CPU = Release|Any CPU
	EndGlobalSection
	GlobalSection(ProjectConfigurationPlatforms) = postSolution
		{18599CF8-400D-4B76-8111-6B108A0C996B}.Debug|Any CPU.ActiveCfg = Debug|Any CPU
		{18599CF8-400D-4B76-8111-6B108A0C996B}.Debug|Any CPU.Build.0 = Debug|Any CPU
		{18599CF8-400D-4B76-8111-6B108A0C996B}.Release|Any CPU.ActiveCfg = Release|Any CPU
		{18599CF8-400D-4B76-8111-6B108A0C996B}.Release|Any CPU.Build.0 = Release|Any CPU
		{642E7047-217D-4052-BF01-665D08D49337}.Debug|Any CPU.ActiveCfg = Debug|Any CPU
		{642E7047-217D-4052-BF01-665D08D49337}.Debug|Any CPU.Build.0 = Debug|Any CPU
		{642E7047-217D-4052-BF01-665D08D49337}.Release|Any CPU.ActiveCfg = Release|Any CPU
		{642E7047-217D-4052-BF01-665D08D49337}.Release|Any CPU.Build.0 = Release|Any CPU
		{1909CCF6-E2DF-4E0D-8299-8FB37B9FC1E5}.Debug|Any CPU.ActiveCfg = Debug|Any CPU
		{1909CCF6-E2DF-4E0D-8299-8FB37B9FC1E5}.Debug|Any CPU.Build.0 = Debug|Any CPU
		{1909CCF6-E2DF-4E0D-8299-8FB37B9FC1E5}.Release|Any CPU.ActiveCfg = Release|Any CPU
		{1909CCF6-E2DF-4E0D-8299-8FB37B9FC1E5}.Release|Any CPU.Build.0 = Release|Any CPU
		{30F6C07D-165D-4687-8300-B2F9E5F23FB0}.Debug|Any CPU.ActiveCfg = Debug|Any CPU
		{30F6C07D-165D-4687-8300-B2F9E5F23FB0}.Debug|Any CPU.Build.0 = Debug|Any CPU
		{30F6C07D-165D-4687-8300-B2F9E5F23FB0}.Release|Any CPU.ActiveCfg = Release|Any CPU
		{30F6C07D-165D-4687-8300-B2F9E5F23FB0}.Release|Any CPU.Build.0 = Release|Any CPU
	EndGlobalSection
	GlobalSection(SolutionProperties) = preSolution
		HideSolutionNode = FALSE
	EndGlobalSection
EndGlobal
