
Microsoft Visual Studio Solution File, Format Version 12.00
# Visual Studio 2013
VisualStudioVersion = 12.0.30501.0
MinimumVisualStudioVersion = 10.0.40219.1
Project("{FAE04EC0-301F-11D3-BF4B-00C04F79EFBC}") = "AndyWeb", "AndyWeb\AndyWeb.csproj", "{18599CF8-400D-4B76-8111-6B108A0C996B}"
EndProject
Project("{FAE04EC0-301F-11D3-BF4B-00C04F79EFBC}") = "AndyWeb.Tests", "AndyWeb.Tests\AndyWeb.Tests.csproj", "{12BC22BE-32E0-447C-8353-45413BB981A8}"
EndProject
Global
	GlobalSection(SolutionConfigurationPlatforms) = preSolution
		Debug|Any CPU = Debug|Any CPU
		Release|Any CPU = Release|Any CPU
	EndGlobalSection
	GlobalSection(ProjectConfigurationPlatforms) = postSolution
		{18599CF8-400D-4B76-8111-6B108A0C996B}.Debug|Any CPU.ActiveCfg = Debug|Any CPU
		{18599CF8-400D-4B76-8111-6B108A0C996B}.Debug|Any CPU.Build.0 = Debug|Any CPU
		{18599CF8-400D-4B76-8111-6B108A0C996B}.Release|Any CPU.ActiveCfg = Release|Any CPU
		{18599CF8-400D-4B76-8111-6B108A0C996B}.Release|Any CPU.Build.0 = Release|Any CPU
		{12BC22BE-32E0-447C-8353-45413BB981A8}.Debug|Any CPU.ActiveCfg = Debug|Any CPU
		{12BC22BE-32E0-447C-8353-45413BB981A8}.Debug|Any CPU.Build.0 = Debug|Any CPU
		{12BC22BE-32E0-447C-8353-45413BB981A8}.Release|Any CPU.ActiveCfg = Release|Any CPU
		{12BC22BE-32E0-447C-8353-45413BB981A8}.Release|Any CPU.Build.0 = Release|Any CPU
	EndGlobalSection
	GlobalSection(SolutionProperties) = preSolution
		HideSolutionNode = FALSE
	EndGlobalSection
EndGlobal
